
Microsoft Visual Studio Solution File, Format Version 12.00
# Visual Studio Version 17
VisualStudioVersion = 17.9.34728.123
MinimumVisualStudioVersion = 10.0.40219.1
Project("{9A19103F-16F7-4668-BE54-9A1E7A4F7556}") = "lab3", "..\lab3\lab3\lab3.csproj", "{FDED596F-E562-4767-ACA4-56259A0EB79F}"
EndProject
Project("{9A19103F-16F7-4668-BE54-9A1E7A4F7556}") = "1", "..\1\1.csproj", "{6FD41F16-52D8-4992-820A-04725D108EA8}"
EndProject
Project("{9A19103F-16F7-4668-BE54-9A1E7A4F7556}") = "12", "..\12\12.csproj", "{B0A35908-1CD7-4158-ABA5-28CA5ED6317B}"
EndProject
Project("{9A19103F-16F7-4668-BE54-9A1E7A4F7556}") = "4", "..\4\4.csproj", "{B4F6A2AE-721A-49A2-A949-49FAE85EAF8B}"
EndProject
Project("{FAE04EC0-301F-11D3-BF4B-00C04F79EFBC}") = "10", "..\10\10.csproj", "{BAA8EF1F-400C-4D9D-ABC8-85EE333CEF25}"
EndProject
Global
	GlobalSection(SolutionConfigurationPlatforms) = preSolution
		Debug|Any CPU = Debug|Any CPU
		Release|Any CPU = Release|Any CPU
	EndGlobalSection
	GlobalSection(ProjectConfigurationPlatforms) = postSolution
		{FDED596F-E562-4767-ACA4-56259A0EB79F}.Debug|Any CPU.ActiveCfg = Debug|Any CPU
		{FDED596F-E562-4767-ACA4-56259A0EB79F}.Debug|Any CPU.Build.0 = Debug|Any CPU
		{FDED596F-E562-4767-ACA4-56259A0EB79F}.Release|Any CPU.ActiveCfg = Release|Any CPU
		{FDED596F-E562-4767-ACA4-56259A0EB79F}.Release|Any CPU.Build.0 = Release|Any CPU
		{6FD41F16-52D8-4992-820A-04725D108EA8}.Debug|Any CPU.ActiveCfg = Debug|Any CPU
		{6FD41F16-52D8-4992-820A-04725D108EA8}.Debug|Any CPU.Build.0 = Debug|Any CPU
		{6FD41F16-52D8-4992-820A-04725D108EA8}.Release|Any CPU.ActiveCfg = Release|Any CPU
		{6FD41F16-52D8-4992-820A-04725D108EA8}.Release|Any CPU.Build.0 = Release|Any CPU
		{B0A35908-1CD7-4158-ABA5-28CA5ED6317B}.Debug|Any CPU.ActiveCfg = Debug|Any CPU
		{B0A35908-1CD7-4158-ABA5-28CA5ED6317B}.Debug|Any CPU.Build.0 = Debug|Any CPU
		{B0A35908-1CD7-4158-ABA5-28CA5ED6317B}.Release|Any CPU.ActiveCfg = Release|Any CPU
		{B0A35908-1CD7-4158-ABA5-28CA5ED6317B}.Release|Any CPU.Build.0 = Release|Any CPU
		{B4F6A2AE-721A-49A2-A949-49FAE85EAF8B}.Debug|Any CPU.ActiveCfg = Debug|Any CPU
		{B4F6A2AE-721A-49A2-A949-49FAE85EAF8B}.Debug|Any CPU.Build.0 = Debug|Any CPU
		{B4F6A2AE-721A-49A2-A949-49FAE85EAF8B}.Release|Any CPU.ActiveCfg = Release|Any CPU
		{B4F6A2AE-721A-49A2-A949-49FAE85EAF8B}.Release|Any CPU.Build.0 = Release|Any CPU
		{BAA8EF1F-400C-4D9D-ABC8-85EE333CEF25}.Debug|Any CPU.ActiveCfg = Debug|Any CPU
		{BAA8EF1F-400C-4D9D-ABC8-85EE333CEF25}.Debug|Any CPU.Build.0 = Debug|Any CPU
		{BAA8EF1F-400C-4D9D-ABC8-85EE333CEF25}.Release|Any CPU.ActiveCfg = Release|Any CPU
		{BAA8EF1F-400C-4D9D-ABC8-85EE333CEF25}.Release|Any CPU.Build.0 = Release|Any CPU
	EndGlobalSection
	GlobalSection(SolutionProperties) = preSolution
		HideSolutionNode = FALSE
	EndGlobalSection
	GlobalSection(ExtensibilityGlobals) = postSolution
		SolutionGuid = {016F15A8-3680-4D7E-A7E1-9ECAC1C3080A}
	EndGlobalSection
EndGlobal
