
Microsoft Visual Studio Solution File, Format Version 12.00
# Visual Studio Version 17
VisualStudioVersion = 17.9.34728.123
MinimumVisualStudioVersion = 10.0.40219.1
Project("{9A19103F-16F7-4668-BE54-9A1E7A4F7556}") = "lab3", "..\lab3\lab3\lab3.csproj", "{FDED596F-E562-4767-ACA4-56259A0EB79F}"
EndProject
Project("{9A19103F-16F7-4668-BE54-9A1E7A4F7556}") = "1", "..\1\1.csproj", "{6FD41F16-52D8-4992-820A-04725D108EA8}"
EndProject
Project("{9A19103F-16F7-4668-BE54-9A1E7A4F7556}") = "12", "..\12\12.csproj", "{B0A35908-1CD7-4158-ABA5-28CA5ED6317B}"
EndProject
Project("{9A19103F-16F7-4668-BE54-9A1E7A4F7556}") = "4", "..\4\4.csproj", "{B4F6A2AE-721A-49A2-A949-49FAE85EAF8B}"
EndProject
Project("{9A19103F-16F7-4668-BE54-9A1E7A4F7556}") = "10", "..\10\10.csproj", "{BAA8EF1F-400C-4D9D-ABC8-85EE333CEF25}"
EndProject
Project("{9A19103F-16F7-4668-BE54-9A1E7A4F7556}") = "11", "..\11\11.csproj", "{8548932B-D493-484E-B3E5-18AA6E761D35}"
EndProject
Project("{9A19103F-16F7-4668-BE54-9A1E7A4F7556}") = "14", "..\14\14.csproj", "{935970D9-BCB7-4D86-9386-C40FE691B7BB}"
EndProject
Project("{9A19103F-16F7-4668-BE54-9A1E7A4F7556}") = "13", "..\13\13.csproj", "{968EADA3-791D-4E08-B67C-5666F4D0C853}"
EndProject
Project("{9A19103F-16F7-4668-BE54-9A1E7A4F7556}") = "6", "6\6.csproj", "{3FB3C337-7539-4971-A82A-25858B818966}"
EndProject
Project("{FAE04EC0-301F-11D3-BF4B-00C04F79EFBC}") = "7", "..\7\7.csproj", "{7A5B7E7F-9A26-4285-B794-7954287C6571}"
EndProject
Project("{FAE04EC0-301F-11D3-BF4B-00C04F79EFBC}") = "17", "..\17\17.csproj", "{FCA0DD4E-5054-4473-A001-8652925F32D9}"
EndProject
Project("{FAE04EC0-301F-11D3-BF4B-00C04F79EFBC}") = "5", "..\5\5.csproj", "{01FDC01C-E54E-4D65-A605-60147EA00DFE}"
EndProject
Project("{FAE04EC0-301F-11D3-BF4B-00C04F79EFBC}") = "8", "..\8\8.csproj", "{C92AE69E-767B-49B8-8E93-DAA36A172E49}"
EndProject
Project("{FAE04EC0-301F-11D3-BF4B-00C04F79EFBC}") = "9", "..\9\9.csproj", "{F4E30763-8853-4AA6-BBC7-942DD37949A4}"
EndProject
Project("{FAE04EC0-301F-11D3-BF4B-00C04F79EFBC}") = "15", "15\15.csproj", "{10B7BE52-1798-470F-98C6-BBBE5FBC166C}"
EndProject
Project("{FAE04EC0-301F-11D3-BF4B-00C04F79EFBC}") = "16", "..\16\16.csproj", "{47B749A3-8AEA-4BF0-AA8B-DA6B863C160D}"
EndProject
Project("{FAE04EC0-301F-11D3-BF4B-00C04F79EFBC}") = "18", "..\18\18.csproj", "{DBB2C178-2AE5-47E8-856F-9649FAD2AB63}"
EndProject
Global
	GlobalSection(SolutionConfigurationPlatforms) = preSolution
		Debug|Any CPU = Debug|Any CPU
		Release|Any CPU = Release|Any CPU
	EndGlobalSection
	GlobalSection(ProjectConfigurationPlatforms) = postSolution
		{FDED596F-E562-4767-ACA4-56259A0EB79F}.Debug|Any CPU.ActiveCfg = Debug|Any CPU
		{FDED596F-E562-4767-ACA4-56259A0EB79F}.Debug|Any CPU.Build.0 = Debug|Any CPU
		{FDED596F-E562-4767-ACA4-56259A0EB79F}.Release|Any CPU.ActiveCfg = Release|Any CPU
		{FDED596F-E562-4767-ACA4-56259A0EB79F}.Release|Any CPU.Build.0 = Release|Any CPU
		{6FD41F16-52D8-4992-820A-04725D108EA8}.Debug|Any CPU.ActiveCfg = Debug|Any CPU
		{6FD41F16-52D8-4992-820A-04725D108EA8}.Debug|Any CPU.Build.0 = Debug|Any CPU
		{6FD41F16-52D8-4992-820A-04725D108EA8}.Release|Any CPU.ActiveCfg = Release|Any CPU
		{6FD41F16-52D8-4992-820A-04725D108EA8}.Release|Any CPU.Build.0 = Release|Any CPU
		{B0A35908-1CD7-4158-ABA5-28CA5ED6317B}.Debug|Any CPU.ActiveCfg = Debug|Any CPU
		{B0A35908-1CD7-4158-ABA5-28CA5ED6317B}.Debug|Any CPU.Build.0 = Debug|Any CPU
		{B0A35908-1CD7-4158-ABA5-28CA5ED6317B}.Release|Any CPU.ActiveCfg = Release|Any CPU
		{B0A35908-1CD7-4158-ABA5-28CA5ED6317B}.Release|Any CPU.Build.0 = Release|Any CPU
		{B4F6A2AE-721A-49A2-A949-49FAE85EAF8B}.Debug|Any CPU.ActiveCfg = Debug|Any CPU
		{B4F6A2AE-721A-49A2-A949-49FAE85EAF8B}.Debug|Any CPU.Build.0 = Debug|Any CPU
		{B4F6A2AE-721A-49A2-A949-49FAE85EAF8B}.Release|Any CPU.ActiveCfg = Release|Any CPU
		{B4F6A2AE-721A-49A2-A949-49FAE85EAF8B}.Release|Any CPU.Build.0 = Release|Any CPU
		{BAA8EF1F-400C-4D9D-ABC8-85EE333CEF25}.Debug|Any CPU.ActiveCfg = Debug|Any CPU
		{BAA8EF1F-400C-4D9D-ABC8-85EE333CEF25}.Debug|Any CPU.Build.0 = Debug|Any CPU
		{BAA8EF1F-400C-4D9D-ABC8-85EE333CEF25}.Release|Any CPU.ActiveCfg = Release|Any CPU
		{BAA8EF1F-400C-4D9D-ABC8-85EE333CEF25}.Release|Any CPU.Build.0 = Release|Any CPU
		{8548932B-D493-484E-B3E5-18AA6E761D35}.Debug|Any CPU.ActiveCfg = Debug|Any CPU
		{8548932B-D493-484E-B3E5-18AA6E761D35}.Debug|Any CPU.Build.0 = Debug|Any CPU
		{8548932B-D493-484E-B3E5-18AA6E761D35}.Release|Any CPU.ActiveCfg = Release|Any CPU
		{8548932B-D493-484E-B3E5-18AA6E761D35}.Release|Any CPU.Build.0 = Release|Any CPU
		{935970D9-BCB7-4D86-9386-C40FE691B7BB}.Debug|Any CPU.ActiveCfg = Debug|Any CPU
		{935970D9-BCB7-4D86-9386-C40FE691B7BB}.Debug|Any CPU.Build.0 = Debug|Any CPU
		{935970D9-BCB7-4D86-9386-C40FE691B7BB}.Release|Any CPU.ActiveCfg = Release|Any CPU
		{935970D9-BCB7-4D86-9386-C40FE691B7BB}.Release|Any CPU.Build.0 = Release|Any CPU
		{968EADA3-791D-4E08-B67C-5666F4D0C853}.Debug|Any CPU.ActiveCfg = Debug|Any CPU
		{968EADA3-791D-4E08-B67C-5666F4D0C853}.Debug|Any CPU.Build.0 = Debug|Any CPU
		{968EADA3-791D-4E08-B67C-5666F4D0C853}.Release|Any CPU.ActiveCfg = Release|Any CPU
		{968EADA3-791D-4E08-B67C-5666F4D0C853}.Release|Any CPU.Build.0 = Release|Any CPU
		{3FB3C337-7539-4971-A82A-25858B818966}.Debug|Any CPU.ActiveCfg = Debug|Any CPU
		{3FB3C337-7539-4971-A82A-25858B818966}.Debug|Any CPU.Build.0 = Debug|Any CPU
		{3FB3C337-7539-4971-A82A-25858B818966}.Release|Any CPU.ActiveCfg = Release|Any CPU
		{3FB3C337-7539-4971-A82A-25858B818966}.Release|Any CPU.Build.0 = Release|Any CPU
		{7A5B7E7F-9A26-4285-B794-7954287C6571}.Debug|Any CPU.ActiveCfg = Debug|Any CPU
		{7A5B7E7F-9A26-4285-B794-7954287C6571}.Debug|Any CPU.Build.0 = Debug|Any CPU
		{7A5B7E7F-9A26-4285-B794-7954287C6571}.Release|Any CPU.ActiveCfg = Release|Any CPU
		{7A5B7E7F-9A26-4285-B794-7954287C6571}.Release|Any CPU.Build.0 = Release|Any CPU
		{FCA0DD4E-5054-4473-A001-8652925F32D9}.Debug|Any CPU.ActiveCfg = Debug|Any CPU
		{FCA0DD4E-5054-4473-A001-8652925F32D9}.Debug|Any CPU.Build.0 = Debug|Any CPU
		{FCA0DD4E-5054-4473-A001-8652925F32D9}.Release|Any CPU.ActiveCfg = Release|Any CPU
		{FCA0DD4E-5054-4473-A001-8652925F32D9}.Release|Any CPU.Build.0 = Release|Any CPU
		{01FDC01C-E54E-4D65-A605-60147EA00DFE}.Debug|Any CPU.ActiveCfg = Debug|Any CPU
		{01FDC01C-E54E-4D65-A605-60147EA00DFE}.Debug|Any CPU.Build.0 = Debug|Any CPU
		{01FDC01C-E54E-4D65-A605-60147EA00DFE}.Release|Any CPU.ActiveCfg = Release|Any CPU
		{01FDC01C-E54E-4D65-A605-60147EA00DFE}.Release|Any CPU.Build.0 = Release|Any CPU
		{C92AE69E-767B-49B8-8E93-DAA36A172E49}.Debug|Any CPU.ActiveCfg = Debug|Any CPU
		{C92AE69E-767B-49B8-8E93-DAA36A172E49}.Debug|Any CPU.Build.0 = Debug|Any CPU
		{C92AE69E-767B-49B8-8E93-DAA36A172E49}.Release|Any CPU.ActiveCfg = Release|Any CPU
		{C92AE69E-767B-49B8-8E93-DAA36A172E49}.Release|Any CPU.Build.0 = Release|Any CPU
		{F4E30763-8853-4AA6-BBC7-942DD37949A4}.Debug|Any CPU.ActiveCfg = Debug|Any CPU
		{F4E30763-8853-4AA6-BBC7-942DD37949A4}.Debug|Any CPU.Build.0 = Debug|Any CPU
		{F4E30763-8853-4AA6-BBC7-942DD37949A4}.Release|Any CPU.ActiveCfg = Release|Any CPU
		{F4E30763-8853-4AA6-BBC7-942DD37949A4}.Release|Any CPU.Build.0 = Release|Any CPU
		{10B7BE52-1798-470F-98C6-BBBE5FBC166C}.Debug|Any CPU.ActiveCfg = Debug|Any CPU
		{10B7BE52-1798-470F-98C6-BBBE5FBC166C}.Debug|Any CPU.Build.0 = Debug|Any CPU
		{10B7BE52-1798-470F-98C6-BBBE5FBC166C}.Release|Any CPU.ActiveCfg = Release|Any CPU
		{10B7BE52-1798-470F-98C6-BBBE5FBC166C}.Release|Any CPU.Build.0 = Release|Any CPU
		{47B749A3-8AEA-4BF0-AA8B-DA6B863C160D}.Debug|Any CPU.ActiveCfg = Debug|Any CPU
		{47B749A3-8AEA-4BF0-AA8B-DA6B863C160D}.Debug|Any CPU.Build.0 = Debug|Any CPU
		{47B749A3-8AEA-4BF0-AA8B-DA6B863C160D}.Release|Any CPU.ActiveCfg = Release|Any CPU
		{47B749A3-8AEA-4BF0-AA8B-DA6B863C160D}.Release|Any CPU.Build.0 = Release|Any CPU
		{DBB2C178-2AE5-47E8-856F-9649FAD2AB63}.Debug|Any CPU.ActiveCfg = Debug|Any CPU
		{DBB2C178-2AE5-47E8-856F-9649FAD2AB63}.Debug|Any CPU.Build.0 = Debug|Any CPU
		{DBB2C178-2AE5-47E8-856F-9649FAD2AB63}.Release|Any CPU.ActiveCfg = Release|Any CPU
		{DBB2C178-2AE5-47E8-856F-9649FAD2AB63}.Release|Any CPU.Build.0 = Release|Any CPU
	EndGlobalSection
	GlobalSection(SolutionProperties) = preSolution
		HideSolutionNode = FALSE
	EndGlobalSection
	GlobalSection(ExtensibilityGlobals) = postSolution
		SolutionGuid = {016F15A8-3680-4D7E-A7E1-9ECAC1C3080A}
	EndGlobalSection
EndGlobal
